
Microsoft Visual Studio Solution File, Format Version 12.00
# Visual Studio 15
Project("{FAE04EC0-301F-11D3-BF4B-00C04F79EFBC}") = "Assembly-CSharp", "Assembly-CSharp.csproj", "{95E0C965-65B6-5746-3A33-630A7F60CAEE}"
EndProject
Project("{FAE04EC0-301F-11D3-BF4B-00C04F79EFBC}") = "Assembly-CSharp-Editor", "Assembly-CSharp-Editor.csproj", "{35FDB5B0-8783-170D-FAD4-B8A1829288E5}"
EndProject
Global
	GlobalSection(SolutionConfigurationPlatforms) = preSolution
		Debug|Any CPU = Debug|Any CPU
		Release|Any CPU = Release|Any CPU
	EndGlobalSection
	GlobalSection(ProjectConfigurationPlatforms) = postSolution
		{95E0C965-65B6-5746-3A33-630A7F60CAEE}.Debug|Any CPU.ActiveCfg = Debug|Any CPU
		{95E0C965-65B6-5746-3A33-630A7F60CAEE}.Debug|Any CPU.Build.0 = Debug|Any CPU
		{95E0C965-65B6-5746-3A33-630A7F60CAEE}.Release|Any CPU.ActiveCfg = Release|Any CPU
		{95E0C965-65B6-5746-3A33-630A7F60CAEE}.Release|Any CPU.Build.0 = Release|Any CPU
		{35FDB5B0-8783-170D-FAD4-B8A1829288E5}.Debug|Any CPU.ActiveCfg = Debug|Any CPU
		{35FDB5B0-8783-170D-FAD4-B8A1829288E5}.Debug|Any CPU.Build.0 = Debug|Any CPU
		{35FDB5B0-8783-170D-FAD4-B8A1829288E5}.Release|Any CPU.ActiveCfg = Release|Any CPU
		{35FDB5B0-8783-170D-FAD4-B8A1829288E5}.Release|Any CPU.Build.0 = Release|Any CPU
	EndGlobalSection
	GlobalSection(SolutionProperties) = preSolution
		HideSolutionNode = FALSE
	EndGlobalSection
EndGlobal
